
Microsoft Visual Studio Solution File, Format Version 12.00
# Visual Studio Version 17
VisualStudioVersion = 17.11.35219.272
MinimumVisualStudioVersion = 10.0.40219.1
Project("{FAE04EC0-301F-11D3-BF4B-00C04F79EFBC}") = "Calculator", "Calculator.csproj", "{B06D6257-3A53-4BE5-BA83-CF0A27065861}"
EndProject
Global
	GlobalSection(SolutionConfigurationPlatforms) = preSolution
		Debug|Any CPU = Debug|Any CPU
		Release|Any CPU = Release|Any CPU
	EndGlobalSection
	GlobalSection(ProjectConfigurationPlatforms) = postSolution
		{B06D6257-3A53-4BE5-BA83-CF0A27065861}.Debug|Any CPU.ActiveCfg = Debug|Any CPU
		{B06D6257-3A53-4BE5-BA83-CF0A27065861}.Debug|Any CPU.Build.0 = Debug|Any CPU
		{B06D6257-3A53-4BE5-BA83-CF0A27065861}.Debug|Any CPU.Deploy.0 = Debug|Any CPU
		{B06D6257-3A53-4BE5-BA83-CF0A27065861}.Release|Any CPU.ActiveCfg = Release|Any CPU
		{B06D6257-3A53-4BE5-BA83-CF0A27065861}.Release|Any CPU.Build.0 = Release|Any CPU
		{B06D6257-3A53-4BE5-BA83-CF0A27065861}.Release|Any CPU.Deploy.0 = Release|Any CPU
	EndGlobalSection
	GlobalSection(SolutionProperties) = preSolution
		HideSolutionNode = FALSE
	EndGlobalSection
	GlobalSection(ExtensibilityGlobals) = postSolution
		SolutionGuid = {6ED6EC3D-885D-44DB-8C1D-738B6BDE0E7A}
	EndGlobalSection
EndGlobal
